// !$*UTF8*$!
{
	archiveVersion = 1;
	classes = {
	};
	objectVersion = 46;
	objects = {

/* Begin PBXBuildFile section */
		3405F3631D16928600AF29EC /* AppDelegate.swift in Sources */ = {isa = PBXBuildFile; fileRef = 3405F3621D16928600AF29EC /* AppDelegate.swift */; };
		3405F36A1D16928600AF29EC /* Assets.xcassets in Resources */ = {isa = PBXBuildFile; fileRef = 3405F3691D16928600AF29EC /* Assets.xcassets */; };
		3405F36D1D16928600AF29EC /* LaunchScreen.storyboard in Resources */ = {isa = PBXBuildFile; fileRef = 3405F36B1D16928600AF29EC /* LaunchScreen.storyboard */; };
		3405F37D1D16933200AF29EC /* Home.swift in Sources */ = {isa = PBXBuildFile; fileRef = 3405F37B1D16933200AF29EC /* Home.swift */; };
		3405F37E1D16933200AF29EC /* Home.xib in Resources */ = {isa = PBXBuildFile; fileRef = 3405F37C1D16933200AF29EC /* Home.xib */; };
		3405F3811D16934500AF29EC /* FlickrFeed.swift in Sources */ = {isa = PBXBuildFile; fileRef = 3405F37F1D16934500AF29EC /* FlickrFeed.swift */; };
		3405F3821D16934500AF29EC /* FlickrFeed.xib in Resources */ = {isa = PBXBuildFile; fileRef = 3405F3801D16934500AF29EC /* FlickrFeed.xib */; };
		3405F3841D1696A600AF29EC /* NetworkClient.swift in Sources */ = {isa = PBXBuildFile; fileRef = 3405F3831D1696A600AF29EC /* NetworkClient.swift */; };
		3405F3871D169E0B00AF29EC /* PhotoCell.swift in Sources */ = {isa = PBXBuildFile; fileRef = 3405F3851D169E0B00AF29EC /* PhotoCell.swift */; };
		3405F3881D169E0B00AF29EC /* PhotoCell.xib in Resources */ = {isa = PBXBuildFile; fileRef = 3405F3861D169E0B00AF29EC /* PhotoCell.xib */; };
		341F94991D19784C0030362A /* SimpleCalls.swift in Sources */ = {isa = PBXBuildFile; fileRef = 341F94971D19784C0030362A /* SimpleCalls.swift */; };
		341F949A1D19784C0030362A /* SimpleCalls.xib in Resources */ = {isa = PBXBuildFile; fileRef = 341F94981D19784C0030362A /* SimpleCalls.xib */; };
		34921E521D18301E00C46902 /* Photo.swift in Sources */ = {isa = PBXBuildFile; fileRef = 34921E511D18301E00C46902 /* Photo.swift */; };
		34A3B6261D1AA6C100523F14 /* DownloadProgress.swift in Sources */ = {isa = PBXBuildFile; fileRef = 34A3B6241D1AA6C100523F14 /* DownloadProgress.swift */; };
		34A3B6271D1AA6C100523F14 /* DownloadProgress.xib in Resources */ = {isa = PBXBuildFile; fileRef = 34A3B6251D1AA6C100523F14 /* DownloadProgress.xib */; };
		34A3B6291D1AA85E00523F14 /* NetworkService.swift in Sources */ = {isa = PBXBuildFile; fileRef = 34A3B6281D1AA85E00523F14 /* NetworkService.swift */; };
		34A3B62B1D1AD42000523F14 /* Config.swift in Sources */ = {isa = PBXBuildFile; fileRef = 34A3B62A1D1AD42000523F14 /* Config.swift */; };
/* End PBXBuildFile section */

/* Begin PBXFileReference section */
		3405F35F1D16928600AF29EC /* NetworkingSwift.app */ = {isa = PBXFileReference; explicitFileType = wrapper.application; includeInIndex = 0; path = NetworkingSwift.app; sourceTree = BUILT_PRODUCTS_DIR; };
		3405F3621D16928600AF29EC /* AppDelegate.swift */ = {isa = PBXFileReference; lastKnownFileType = sourcecode.swift; name = AppDelegate.swift; path = ../AppDelegate.swift; sourceTree = "<group>"; };
		3405F3691D16928600AF29EC /* Assets.xcassets */ = {isa = PBXFileReference; lastKnownFileType = folder.assetcatalog; name = Assets.xcassets; path = ../Assets.xcassets; sourceTree = "<group>"; };
		3405F36C1D16928600AF29EC /* Base */ = {isa = PBXFileReference; lastKnownFileType = file.storyboard; name = Base; path = Base.lproj/LaunchScreen.storyboard; sourceTree = "<group>"; };
		3405F36E1D16928600AF29EC /* Info.plist */ = {isa = PBXFileReference; lastKnownFileType = text.plist.xml; name = Info.plist; path = ../Info.plist; sourceTree = "<group>"; };
		3405F37B1D16933200AF29EC /* Home.swift */ = {isa = PBXFileReference; fileEncoding = 4; lastKnownFileType = sourcecode.swift; path = Home.swift; sourceTree = "<group>"; };
		3405F37C1D16933200AF29EC /* Home.xib */ = {isa = PBXFileReference; fileEncoding = 4; lastKnownFileType = file.xib; path = Home.xib; sourceTree = "<group>"; };
		3405F37F1D16934500AF29EC /* FlickrFeed.swift */ = {isa = PBXFileReference; fileEncoding = 4; lastKnownFileType = sourcecode.swift; path = FlickrFeed.swift; sourceTree = "<group>"; };
		3405F3801D16934500AF29EC /* FlickrFeed.xib */ = {isa = PBXFileReference; fileEncoding = 4; lastKnownFileType = file.xib; path = FlickrFeed.xib; sourceTree = "<group>"; };
		3405F3831D1696A600AF29EC /* NetworkClient.swift */ = {isa = PBXFileReference; fileEncoding = 4; lastKnownFileType = sourcecode.swift; path = NetworkClient.swift; sourceTree = "<group>"; };
		3405F3851D169E0B00AF29EC /* PhotoCell.swift */ = {isa = PBXFileReference; fileEncoding = 4; lastKnownFileType = sourcecode.swift; path = PhotoCell.swift; sourceTree = "<group>"; };
		3405F3861D169E0B00AF29EC /* PhotoCell.xib */ = {isa = PBXFileReference; fileEncoding = 4; lastKnownFileType = file.xib; path = PhotoCell.xib; sourceTree = "<group>"; };
		341F94971D19784C0030362A /* SimpleCalls.swift */ = {isa = PBXFileReference; fileEncoding = 4; lastKnownFileType = sourcecode.swift; path = SimpleCalls.swift; sourceTree = "<group>"; };
		341F94981D19784C0030362A /* SimpleCalls.xib */ = {isa = PBXFileReference; fileEncoding = 4; lastKnownFileType = file.xib; path = SimpleCalls.xib; sourceTree = "<group>"; };
		34921E511D18301E00C46902 /* Photo.swift */ = {isa = PBXFileReference; fileEncoding = 4; lastKnownFileType = sourcecode.swift; path = Photo.swift; sourceTree = "<group>"; };
		34A3B6241D1AA6C100523F14 /* DownloadProgress.swift */ = {isa = PBXFileReference; fileEncoding = 4; lastKnownFileType = sourcecode.swift; path = DownloadProgress.swift; sourceTree = "<group>"; };
		34A3B6251D1AA6C100523F14 /* DownloadProgress.xib */ = {isa = PBXFileReference; fileEncoding = 4; lastKnownFileType = file.xib; path = DownloadProgress.xib; sourceTree = "<group>"; };
		34A3B6281D1AA85E00523F14 /* NetworkService.swift */ = {isa = PBXFileReference; fileEncoding = 4; lastKnownFileType = sourcecode.swift; path = NetworkService.swift; sourceTree = "<group>"; };
		34A3B62A1D1AD42000523F14 /* Config.swift */ = {isa = PBXFileReference; fileEncoding = 4; lastKnownFileType = sourcecode.swift; path = Config.swift; sourceTree = "<group>"; };
/* End PBXFileReference section */

/* Begin PBXFrameworksBuildPhase section */
		3405F35C1D16928600AF29EC /* Frameworks */ = {
			isa = PBXFrameworksBuildPhase;
			buildActionMask = 2147483647;
			files = (
			);
			runOnlyForDeploymentPostprocessing = 0;
		};
/* End PBXFrameworksBuildPhase section */

/* Begin PBXGroup section */
		3405F3561D16928600AF29EC = {
			isa = PBXGroup;
			children = (
				3405F3611D16928600AF29EC /* NetworkingSwift */,
				3405F3601D16928600AF29EC /* Products */,
			);
			sourceTree = "<group>";
		};
		3405F3601D16928600AF29EC /* Products */ = {
			isa = PBXGroup;
			children = (
				3405F35F1D16928600AF29EC /* NetworkingSwift.app */,
			);
			name = Products;
			sourceTree = "<group>";
		};
		3405F3611D16928600AF29EC /* NetworkingSwift */ = {
			isa = PBXGroup;
			children = (
				3405F3741D1692B500AF29EC /* UI */,
				3405F3751D1692BB00AF29EC /* Services */,
				3405F3761D1692BF00AF29EC /* SupportingFiles */,
			);
			path = NetworkingSwift;
			sourceTree = "<group>";
		};
		3405F3741D1692B500AF29EC /* UI */ = {
			isa = PBXGroup;
			children = (
				3405F37B1D16933200AF29EC /* Home.swift */,
				3405F37C1D16933200AF29EC /* Home.xib */,
				34A3B6241D1AA6C100523F14 /* DownloadProgress.swift */,
				34A3B6251D1AA6C100523F14 /* DownloadProgress.xib */,
				341F94971D19784C0030362A /* SimpleCalls.swift */,
				341F94981D19784C0030362A /* SimpleCalls.xib */,
				3405F3851D169E0B00AF29EC /* PhotoCell.swift */,
				3405F3861D169E0B00AF29EC /* PhotoCell.xib */,
				3405F37F1D16934500AF29EC /* FlickrFeed.swift */,
				3405F3801D16934500AF29EC /* FlickrFeed.xib */,
				3405F3691D16928600AF29EC /* Assets.xcassets */,
			);
			path = UI;
			sourceTree = "<group>";
		};
		3405F3751D1692BB00AF29EC /* Services */ = {
			isa = PBXGroup;
			children = (
				34A3B6281D1AA85E00523F14 /* NetworkService.swift */,
				3405F3831D1696A600AF29EC /* NetworkClient.swift */,
				34921E511D18301E00C46902 /* Photo.swift */,
			);
			path = Services;
			sourceTree = "<group>";
		};
		3405F3761D1692BF00AF29EC /* SupportingFiles */ = {
			isa = PBXGroup;
			children = (
				3405F3621D16928600AF29EC /* AppDelegate.swift */,
				3405F36B1D16928600AF29EC /* LaunchScreen.storyboard */,
				3405F36E1D16928600AF29EC /* Info.plist */,
				34A3B62A1D1AD42000523F14 /* Config.swift */,
			);
			path = SupportingFiles;
			sourceTree = "<group>";
		};
/* End PBXGroup section */

/* Begin PBXNativeTarget section */
		3405F35E1D16928600AF29EC /* NetworkingSwift */ = {
			isa = PBXNativeTarget;
			buildConfigurationList = 3405F3711D16928600AF29EC /* Build configuration list for PBXNativeTarget "NetworkingSwift" */;
			buildPhases = (
				3405F35B1D16928600AF29EC /* Sources */,
				3405F35C1D16928600AF29EC /* Frameworks */,
				3405F35D1D16928600AF29EC /* Resources */,
			);
			buildRules = (
			);
			dependencies = (
			);
			name = NetworkingSwift;
			productName = NetworkingSwift;
			productReference = 3405F35F1D16928600AF29EC /* NetworkingSwift.app */;
			productType = "com.apple.product-type.application";
		};
/* End PBXNativeTarget section */

/* Begin PBXProject section */
		3405F3571D16928600AF29EC /* Project object */ = {
			isa = PBXProject;
			attributes = {
				LastSwiftUpdateCheck = 0730;
				LastUpgradeCheck = 0730;
				ORGANIZATIONNAME = "Mauro Olivo";
				TargetAttributes = {
					3405F35E1D16928600AF29EC = {
						CreatedOnToolsVersion = 7.3.1;
						SystemCapabilities = {
							com.apple.BackgroundModes = {
								enabled = 0;
							};
						};
					};
				};
			};
			buildConfigurationList = 3405F35A1D16928600AF29EC /* Build configuration list for PBXProject "NetworkingSwift" */;
			compatibilityVersion = "Xcode 3.2";
			developmentRegion = English;
			hasScannedForEncodings = 0;
			knownRegions = (
				en,
				Base,
			);
			mainGroup = 3405F3561D16928600AF29EC;
			productRefGroup = 3405F3601D16928600AF29EC /* Products */;
			projectDirPath = "";
			projectRoot = "";
			targets = (
				3405F35E1D16928600AF29EC /* NetworkingSwift */,
			);
		};
/* End PBXProject section */

/* Begin PBXResourcesBuildPhase section */
		3405F35D1D16928600AF29EC /* Resources */ = {
			isa = PBXResourcesBuildPhase;
			buildActionMask = 2147483647;
			files = (
				34A3B6271D1AA6C100523F14 /* DownloadProgress.xib in Resources */,
				3405F36D1D16928600AF29EC /* LaunchScreen.storyboard in Resources */,
				341F949A1D19784C0030362A /* SimpleCalls.xib in Resources */,
				3405F37E1D16933200AF29EC /* Home.xib in Resources */,
				3405F3821D16934500AF29EC /* FlickrFeed.xib in Resources */,
				3405F36A1D16928600AF29EC /* Assets.xcassets in Resources */,
				3405F3881D169E0B00AF29EC /* PhotoCell.xib in Resources */,
			);
			runOnlyForDeploymentPostprocessing = 0;
		};
/* End PBXResourcesBuildPhase section */

/* Begin PBXSourcesBuildPhase section */
		3405F35B1D16928600AF29EC /* Sources */ = {
			isa = PBXSourcesBuildPhase;
			buildActionMask = 2147483647;
			files = (
				34921E521D18301E00C46902 /* Photo.swift in Sources */,
				3405F3811D16934500AF29EC /* FlickrFeed.swift in Sources */,
				3405F3871D169E0B00AF29EC /* PhotoCell.swift in Sources */,
				3405F37D1D16933200AF29EC /* Home.swift in Sources */,
				34A3B6291D1AA85E00523F14 /* NetworkService.swift in Sources */,
				3405F3631D16928600AF29EC /* AppDelegate.swift in Sources */,
				341F94991D19784C0030362A /* SimpleCalls.swift in Sources */,
				34A3B62B1D1AD42000523F14 /* Config.swift in Sources */,
				34A3B6261D1AA6C100523F14 /* DownloadProgress.swift in Sources */,
				3405F3841D1696A600AF29EC /* NetworkClient.swift in Sources */,
			);
			runOnlyForDeploymentPostprocessing = 0;
		};
/* End PBXSourcesBuildPhase section */

/* Begin PBXVariantGroup section */
		3405F36B1D16928600AF29EC /* LaunchScreen.storyboard */ = {
			isa = PBXVariantGroup;
			children = (
				3405F36C1D16928600AF29EC /* Base */,
			);
			name = LaunchScreen.storyboard;
			path = ..;
			sourceTree = "<group>";
		};
/* End PBXVariantGroup section */

/* Begin XCBuildConfiguration section */
		3405F36F1D16928600AF29EC /* Debug */ = {
			isa = XCBuildConfiguration;
			buildSettings = {
				ALWAYS_SEARCH_USER_PATHS = NO;
				CLANG_ANALYZER_NONNULL = YES;
				CLANG_CXX_LANGUAGE_STANDARD = "gnu++0x";
				CLANG_CXX_LIBRARY = "libc++";
				CLANG_ENABLE_MODULES = YES;
				CLANG_ENABLE_OBJC_ARC = YES;
				CLANG_WARN_BOOL_CONVERSION = YES;
				CLANG_WARN_CONSTANT_CONVERSION = YES;
				CLANG_WARN_DIRECT_OBJC_ISA_USAGE = YES_ERROR;
				CLANG_WARN_EMPTY_BODY = YES;
				CLANG_WARN_ENUM_CONVERSION = YES;
				CLANG_WARN_INT_CONVERSION = YES;
				CLANG_WARN_OBJC_ROOT_CLASS = YES_ERROR;
				CLANG_WARN_UNREACHABLE_CODE = YES;
				CLANG_WARN__DUPLICATE_METHOD_MATCH = YES;
				"CODE_SIGN_IDENTITY[sdk=iphoneos*]" = "iPhone Developer";
				COPY_PHASE_STRIP = NO;
				DEBUG_INFORMATION_FORMAT = dwarf;
				ENABLE_STRICT_OBJC_MSGSEND = YES;
				ENABLE_TESTABILITY = YES;
				GCC_C_LANGUAGE_STANDARD = gnu99;
				GCC_DYNAMIC_NO_PIC = NO;
				GCC_NO_COMMON_BLOCKS = YES;
				GCC_OPTIMIZATION_LEVEL = 0;
				GCC_PREPROCESSOR_DEFINITIONS = (
					"DEBUG=1",
					"$(inherited)",
				);
				GCC_WARN_64_TO_32_BIT_CONVERSION = YES;
				GCC_WARN_ABOUT_RETURN_TYPE = YES_ERROR;
				GCC_WARN_UNDECLARED_SELECTOR = YES;
				GCC_WARN_UNINITIALIZED_AUTOS = YES_AGGRESSIVE;
				GCC_WARN_UNUSED_FUNCTION = YES;
				GCC_WARN_UNUSED_VARIABLE = YES;
				IPHONEOS_DEPLOYMENT_TARGET = 9.3;
				MTL_ENABLE_DEBUG_INFO = YES;
				ONLY_ACTIVE_ARCH = YES;
				SDKROOT = iphoneos;
				SWIFT_OPTIMIZATION_LEVEL = "-Onone";
				TARGETED_DEVICE_FAMILY = "1,2";
			};
			name = Debug;
		};
		3405F3701D16928600AF29EC /* Release */ = {
			isa = XCBuildConfiguration;
			buildSettings = {
				ALWAYS_SEARCH_USER_PATHS = NO;
				CLANG_ANALYZER_NONNULL = YES;
				CLANG_CXX_LANGUAGE_STANDARD = "gnu++0x";
				CLANG_CXX_LIBRARY = "libc++";
				CLANG_ENABLE_MODULES = YES;
				CLANG_ENABLE_OBJC_ARC = YES;
				CLANG_WARN_BOOL_CONVERSION = YES;
				CLANG_WARN_CONSTANT_CONVERSION = YES;
				CLANG_WARN_DIRECT_OBJC_ISA_USAGE = YES_ERROR;
				CLANG_WARN_EMPTY_BODY = YES;
				CLANG_WARN_ENUM_CONVERSION = YES;
				CLANG_WARN_INT_CONVERSION = YES;
				CLANG_WARN_OBJC_ROOT_CLASS = YES_ERROR;
				CLANG_WARN_UNREACHABLE_CODE = YES;
				CLANG_WARN__DUPLICATE_METHOD_MATCH = YES;
				"CODE_SIGN_IDENTITY[sdk=iphoneos*]" = "iPhone Developer";
				COPY_PHASE_STRIP = NO;
				DEBUG_INFORMATION_FORMAT = "dwarf-with-dsym";
				ENABLE_NS_ASSERTIONS = NO;
				ENABLE_STRICT_OBJC_MSGSEND = YES;
				GCC_C_LANGUAGE_STANDARD = gnu99;
				GCC_NO_COMMON_BLOCKS = YES;
				GCC_WARN_64_TO_32_BIT_CONVERSION = YES;
				GCC_WARN_ABOUT_RETURN_TYPE = YES_ERROR;
				GCC_WARN_UNDECLARED_SELECTOR = YES;
				GCC_WARN_UNINITIALIZED_AUTOS = YES_AGGRESSIVE;
				GCC_WARN_UNUSED_FUNCTION = YES;
				GCC_WARN_UNUSED_VARIABLE = YES;
				IPHONEOS_DEPLOYMENT_TARGET = 9.3;
				MTL_ENABLE_DEBUG_INFO = NO;
				SDKROOT = iphoneos;
				TARGETED_DEVICE_FAMILY = "1,2";
				VALIDATE_PRODUCT = YES;
			};
			name = Release;
		};
		3405F3721D16928600AF29EC /* Debug */ = {
			isa = XCBuildConfiguration;
			buildSettings = {
				ASSETCATALOG_COMPILER_APPICON_NAME = AppIcon;
				INFOPLIST_FILE = NetworkingSwift/Info.plist;
				IPHONEOS_DEPLOYMENT_TARGET = 8.1;
				LD_RUNPATH_SEARCH_PATHS = "$(inherited) @executable_path/Frameworks";
				PRODUCT_BUNDLE_IDENTIFIER = com.mauroolivo.NetworkingSwift;
				PRODUCT_NAME = "$(TARGET_NAME)";
			};
			name = Debug;
		};
		3405F3731D16928600AF29EC /* Release */ = {
			isa = XCBuildConfiguration;
			buildSettings = {
				ASSETCATALOG_COMPILER_APPICON_NAME = AppIcon;
				INFOPLIST_FILE = NetworkingSwift/Info.plist;
				IPHONEOS_DEPLOYMENT_TARGET = 8.1;
				LD_RUNPATH_SEARCH_PATHS = "$(inherited) @executable_path/Frameworks";
				PRODUCT_BUNDLE_IDENTIFIER = com.mauroolivo.NetworkingSwift;
				PRODUCT_NAME = "$(TARGET_NAME)";
			};
			name = Release;
		};
/* End XCBuildConfiguration section */

/* Begin XCConfigurationList section */
		3405F35A1D16928600AF29EC /* Build configuration list for PBXProject "NetworkingSwift" */ = {
			isa = XCConfigurationList;
			buildConfigurations = (
				3405F36F1D16928600AF29EC /* Debug */,
				3405F3701D16928600AF29EC /* Release */,
			);
			defaultConfigurationIsVisible = 0;
			defaultConfigurationName = Release;
		};
		3405F3711D16928600AF29EC /* Build configuration list for PBXNativeTarget "NetworkingSwift" */ = {
			isa = XCConfigurationList;
			buildConfigurations = (
				3405F3721D16928600AF29EC /* Debug */,
				3405F3731D16928600AF29EC /* Release */,
			);
			defaultConfigurationIsVisible = 0;
			defaultConfigurationName = Release;
		};
/* End XCConfigurationList section */
	};
	rootObject = 3405F3571D16928600AF29EC /* Project object */;
}
